# @generated - this file is auto-generated by `mise lock` https://mise.jdx.dev/dev-tools/mise-lock.html

[[tools."go:crdx.org/starfield/cmd/starfield"]]
version = "1.9.0"
backend = "go:crdx.org/starfield/cmd/starfield"

[[tools."go:crdx.org/starfield/cmd/starfieldctl"]]
version = "1.9.0"
backend = "go:crdx.org/starfield/cmd/starfieldctl"

[[tools.golangci-lint]]
version = "2.11.4"
backend = "aqua:golangci/golangci-lint"

[tools.golangci-lint."platforms.linux-arm64"]
checksum = "sha256:3bcfa2e6f3d32b2bf5cd75eaa876447507025e0303698633f722a05331988db4"
url = "https://github.com/golangci/golangci-lint/releases/download/v2.11.4/golangci-lint-2.11.4-linux-arm64.tar.gz"

[tools.golangci-lint."platforms.linux-arm64-musl"]
checksum = "sha256:3bcfa2e6f3d32b2bf5cd75eaa876447507025e0303698633f722a05331988db4"
url = "https://github.com/golangci/golangci-lint/releases/download/v2.11.4/golangci-lint-2.11.4-linux-arm64.tar.gz"

[tools.golangci-lint."platforms.linux-x64"]
checksum = "sha256:200c5b7503f67b59a6743ccf32133026c174e272b930ee79aa2aa6f37aca7ef1"
url = "https://github.com/golangci/golangci-lint/releases/download/v2.11.4/golangci-lint-2.11.4-linux-amd64.tar.gz"

[tools.golangci-lint."platforms.linux-x64-musl"]
checksum = "sha256:200c5b7503f67b59a6743ccf32133026c174e272b930ee79aa2aa6f37aca7ef1"
url = "https://github.com/golangci/golangci-lint/releases/download/v2.11.4/golangci-lint-2.11.4-linux-amd64.tar.gz"

[tools.golangci-lint."platforms.macos-arm64"]
checksum = "sha256:02db2a2dae8b26812e53b0688a6f617e3ef1f489790e829ea22862cf76945675"
url = "https://github.com/golangci/golangci-lint/releases/download/v2.11.4/golangci-lint-2.11.4-darwin-arm64.tar.gz"

[tools.golangci-lint."platforms.macos-x64"]
checksum = "sha256:c900d4048db75d1edfd550fd11cf6a9b3008e7caa8e119fcddbc700412d63e60"
url = "https://github.com/golangci/golangci-lint/releases/download/v2.11.4/golangci-lint-2.11.4-darwin-amd64.tar.gz"

[tools.golangci-lint."platforms.windows-x64"]
checksum = "sha256:4932cfca5e75bf60fe1c576edf459e5e809e6644664a068185d64b84af3fad9e"
url = "https://github.com/golangci/golangci-lint/releases/download/v2.11.4/golangci-lint-2.11.4-windows-amd64.zip"

[[tools.hivemind]]
version = "1.1.0"
backend = "github:DarthSim/hivemind"

[tools.hivemind."platforms.linux-arm64"]
url = "https://github.com/DarthSim/hivemind/releases/download/v1.1.0/hivemind-v1.1.0-linux-arm64.gz"
url_api = "https://api.github.com/repos/DarthSim/hivemind/releases/assets/50906822"

[tools.hivemind."platforms.linux-arm64-musl"]
url = "https://github.com/DarthSim/hivemind/releases/download/v1.1.0/hivemind-v1.1.0-linux-arm64.gz"
url_api = "https://api.github.com/repos/DarthSim/hivemind/releases/assets/50906822"

[tools.hivemind."platforms.linux-x64"]
url = "https://github.com/DarthSim/hivemind/releases/download/v1.1.0/hivemind-v1.1.0-linux-amd64.gz"
url_api = "https://api.github.com/repos/DarthSim/hivemind/releases/assets/50906818"

[tools.hivemind."platforms.linux-x64-musl"]
url = "https://github.com/DarthSim/hivemind/releases/download/v1.1.0/hivemind-v1.1.0-linux-amd64.gz"
url_api = "https://api.github.com/repos/DarthSim/hivemind/releases/assets/50906818"

[tools.hivemind."platforms.macos-arm64"]
url = "https://github.com/DarthSim/hivemind/releases/download/v1.1.0/hivemind-v1.1.0-macos-arm64.gz"
url_api = "https://api.github.com/repos/DarthSim/hivemind/releases/assets/50906825"

[tools.hivemind."platforms.macos-x64"]
url = "https://github.com/DarthSim/hivemind/releases/download/v1.1.0/hivemind-v1.1.0-macos-amd64.gz"
url_api = "https://api.github.com/repos/DarthSim/hivemind/releases/assets/50906823"

[tools.hivemind."platforms.windows-x64"]
url = "https://github.com/DarthSim/hivemind/releases/download/v1.1.0/hivemind-v1.1.0-freebsd-amd64.gz"
url_api = "https://api.github.com/repos/DarthSim/hivemind/releases/assets/50906806"

[[tools.sqlc]]
version = "1.30.0"
backend = "github:sqlc-dev/sqlc"

[tools.sqlc."platforms.linux-arm64"]
checksum = "sha256:dd9ab43b022ba3b3402054f99d7ae6e5efea33c949e869c3c66b214415e0c82d"
url = "https://github.com/sqlc-dev/sqlc/releases/download/v1.30.0/sqlc_1.30.0_linux_arm64.tar.gz"
url_api = "https://api.github.com/repos/sqlc-dev/sqlc/releases/assets/288589120"

[tools.sqlc."platforms.linux-arm64-musl"]
checksum = "sha256:dd9ab43b022ba3b3402054f99d7ae6e5efea33c949e869c3c66b214415e0c82d"
url = "https://github.com/sqlc-dev/sqlc/releases/download/v1.30.0/sqlc_1.30.0_linux_arm64.tar.gz"
url_api = "https://api.github.com/repos/sqlc-dev/sqlc/releases/assets/288589120"

[tools.sqlc."platforms.linux-x64"]
checksum = "sha256:468aecee071bfe55e97fcbcac52ea0208eeca444f67736f3b8f0f3d6a106132e"
url = "https://github.com/sqlc-dev/sqlc/releases/download/v1.30.0/sqlc_1.30.0_linux_amd64.tar.gz"
url_api = "https://api.github.com/repos/sqlc-dev/sqlc/releases/assets/288589112"

[tools.sqlc."platforms.linux-x64-musl"]
checksum = "sha256:468aecee071bfe55e97fcbcac52ea0208eeca444f67736f3b8f0f3d6a106132e"
url = "https://github.com/sqlc-dev/sqlc/releases/download/v1.30.0/sqlc_1.30.0_linux_amd64.tar.gz"
url_api = "https://api.github.com/repos/sqlc-dev/sqlc/releases/assets/288589112"

[tools.sqlc."platforms.macos-arm64"]
checksum = "sha256:ff18793b97715d08dde364446f43082a06da87b7797b9ec79ef2b31aeb0894e5"
url = "https://github.com/sqlc-dev/sqlc/releases/download/v1.30.0/sqlc_1.30.0_darwin_arm64.tar.gz"
url_api = "https://api.github.com/repos/sqlc-dev/sqlc/releases/assets/288589106"

[tools.sqlc."platforms.macos-x64"]
checksum = "sha256:eb065ca44f02a9500f8e51cb63594a6bbd2486af04d18c0f81efadf7eadf5e29"
url = "https://github.com/sqlc-dev/sqlc/releases/download/v1.30.0/sqlc_1.30.0_darwin_amd64.tar.gz"
url_api = "https://api.github.com/repos/sqlc-dev/sqlc/releases/assets/288589097"

[tools.sqlc."platforms.windows-x64"]
checksum = "sha256:1f18956ac8b38740420d5ab275df3425ee62e154310aee2dc42d5457181a2c06"
url = "https://github.com/sqlc-dev/sqlc/releases/download/v1.30.0/sqlc_1.30.0_windows_amd64.zip"
url_api = "https://api.github.com/repos/sqlc-dev/sqlc/releases/assets/288589288"
